
Microsoft Visual Studio Solution File, Format Version 12.00
# Visual Studio Version 17
VisualStudioVersion = 17.10.35013.160
MinimumVisualStudioVersion = 10.0.40219.1
Project("{FAE04EC0-301F-11D3-BF4B-00C04F79EFBC}") = "Suyuzu Online-Fix", "Suyuzu Online-Fix\Suyuzu Online-Fix.csproj", "{B97A2667-AB31-4846-BA7A-E0B3264CC8F0}"
EndProject
Global
	GlobalSection(SolutionConfigurationPlatforms) = preSolution
		Debug|Any CPU = Debug|Any CPU
		Release|Any CPU = Release|Any CPU
	EndGlobalSection
	GlobalSection(ProjectConfigurationPlatforms) = postSolution
		{B97A2667-AB31-4846-BA7A-E0B3264CC8F0}.Debug|Any CPU.ActiveCfg = Debug|Any CPU
		{B97A2667-AB31-4846-BA7A-E0B3264CC8F0}.Debug|Any CPU.Build.0 = Debug|Any CPU
		{B97A2667-AB31-4846-BA7A-E0B3264CC8F0}.Release|Any CPU.ActiveCfg = Release|Any CPU
		{B97A2667-AB31-4846-BA7A-E0B3264CC8F0}.Release|Any CPU.Build.0 = Release|Any CPU
	EndGlobalSection
	GlobalSection(SolutionProperties) = preSolution
		HideSolutionNode = FALSE
	EndGlobalSection
	GlobalSection(ExtensibilityGlobals) = postSolution
		SolutionGuid = {5920547F-CCC3-44E6-91A0-7BC6FFF80A4F}
	EndGlobalSection
EndGlobal
